// !$*UTF8*$!
{
	archiveVersion = 1;
	classes = {
	};
	objectVersion = 46;
	objects = {

/* Begin PBXBuildFile section */
		250CAC471DB38997001B2A3C /* OAuthViewController.swift in Sources */ = {isa = PBXBuildFile; fileRef = 250CAC451DB38997001B2A3C /* OAuthViewController.swift */; };
		250CAC481DB38997001B2A3C /* OAuthViewController.xib in Resources */ = {isa = PBXBuildFile; fileRef = 250CAC461DB38997001B2A3C /* OAuthViewController.xib */; };
		250CAC4A1DB3A4CD001B2A3C /* Common.swift in Sources */ = {isa = PBXBuildFile; fileRef = 250CAC491DB3A4CD001B2A3C /* Common.swift */; };
		250CAC4C1DB3B4EC001B2A3C /* NetworkTools.swift in Sources */ = {isa = PBXBuildFile; fileRef = 250CAC4B1DB3B4EC001B2A3C /* NetworkTools.swift */; };
		250CAC4E1DB3CF6A001B2A3C /* UserAccount.swift in Sources */ = {isa = PBXBuildFile; fileRef = 250CAC4D1DB3CF6A001B2A3C /* UserAccount.swift */; };
		25205A401DAFB53B00440741 /* Home.storyboard in Resources */ = {isa = PBXBuildFile; fileRef = 25205A3E1DAFB53B00440741 /* Home.storyboard */; };
		25205A421DAFB55600440741 /* Message.storyboard in Resources */ = {isa = PBXBuildFile; fileRef = 25205A411DAFB55600440741 /* Message.storyboard */; };
		25205A451DAFB57E00440741 /* Discover.storyboard in Resources */ = {isa = PBXBuildFile; fileRef = 25205A431DAFB57E00440741 /* Discover.storyboard */; };
		25205A471DAFB5A200440741 /* Profile.storyboard in Resources */ = {isa = PBXBuildFile; fileRef = 25205A461DAFB5A200440741 /* Profile.storyboard */; };
		25205A4C1DAFCE6500440741 /* Null.storyboard in Resources */ = {isa = PBXBuildFile; fileRef = 25205A4B1DAFCE6500440741 /* Null.storyboard */; };
		25320C9F1DB12015009E5C93 /* UIBarButtonItem-Extension.swift in Sources */ = {isa = PBXBuildFile; fileRef = 25320C9E1DB12015009E5C93 /* UIBarButtonItem-Extension.swift */; };
		25320CA11DB1242F009E5C93 /* TitleButton.swift in Sources */ = {isa = PBXBuildFile; fileRef = 25320CA01DB1242F009E5C93 /* TitleButton.swift */; };
		25320CA51DB12CE7009E5C93 /* PopoverViewController.swift in Sources */ = {isa = PBXBuildFile; fileRef = 25320CA31DB12CE7009E5C93 /* PopoverViewController.swift */; };
		25320CA61DB12CE7009E5C93 /* PopoverViewController.xib in Resources */ = {isa = PBXBuildFile; fileRef = 25320CA41DB12CE7009E5C93 /* PopoverViewController.xib */; };
		253328931DB218FF0038852E /* PopoverAnimator.swift in Sources */ = {isa = PBXBuildFile; fileRef = 253328921DB218FF0038852E /* PopoverAnimator.swift */; };
		254FB4CB1DB0AAF0000AA0A3 /* VisitorView.swift in Sources */ = {isa = PBXBuildFile; fileRef = 254FB4CA1DB0AAF0000AA0A3 /* VisitorView.swift */; };
		254FB4CD1DB0AAFF000AA0A3 /* VisitorView.xib in Resources */ = {isa = PBXBuildFile; fileRef = 254FB4CC1DB0AAFF000AA0A3 /* VisitorView.xib */; };
		2550115A1DB5115E00ECF8DB /* UserAccountViewModel.swift in Sources */ = {isa = PBXBuildFile; fileRef = 255011591DB5115E00ECF8DB /* UserAccountViewModel.swift */; };
		25548C8B1DB604A3003FCD4D /* WelcomeViewController.swift in Sources */ = {isa = PBXBuildFile; fileRef = 25548C891DB604A3003FCD4D /* WelcomeViewController.swift */; };
		25548C8C1DB604A3003FCD4D /* WelcomeViewController.xib in Resources */ = {isa = PBXBuildFile; fileRef = 25548C8A1DB604A3003FCD4D /* WelcomeViewController.xib */; };
		2573635A1DAF3A8100DF3E3F /* AppDelegate.swift in Sources */ = {isa = PBXBuildFile; fileRef = 257363591DAF3A8100DF3E3F /* AppDelegate.swift */; };
		2573635F1DAF3A8100DF3E3F /* Main.storyboard in Resources */ = {isa = PBXBuildFile; fileRef = 2573635D1DAF3A8100DF3E3F /* Main.storyboard */; };
		257363611DAF3A8100DF3E3F /* Assets.xcassets in Resources */ = {isa = PBXBuildFile; fileRef = 257363601DAF3A8100DF3E3F /* Assets.xcassets */; };
		257363641DAF3A8100DF3E3F /* LaunchScreen.storyboard in Resources */ = {isa = PBXBuildFile; fileRef = 257363621DAF3A8100DF3E3F /* LaunchScreen.storyboard */; };
		257363721DAF53ED00DF3E3F /* MainViewController.swift in Sources */ = {isa = PBXBuildFile; fileRef = 257363711DAF53ED00DF3E3F /* MainViewController.swift */; };
		257363741DAF57D600DF3E3F /* HomeViewController.swift in Sources */ = {isa = PBXBuildFile; fileRef = 257363731DAF57D600DF3E3F /* HomeViewController.swift */; };
		257363761DAF57E800DF3E3F /* MessageViewController.swift in Sources */ = {isa = PBXBuildFile; fileRef = 257363751DAF57E800DF3E3F /* MessageViewController.swift */; };
		257363781DAF580100DF3E3F /* DiscoverViewController.swift in Sources */ = {isa = PBXBuildFile; fileRef = 257363771DAF580100DF3E3F /* DiscoverViewController.swift */; };
		2573637A1DAF580E00DF3E3F /* ProfileViewController.swift in Sources */ = {isa = PBXBuildFile; fileRef = 257363791DAF580E00DF3E3F /* ProfileViewController.swift */; };
		2573637D1DAF7C9200DF3E3F /* MainVCSettings.json in Resources */ = {isa = PBXBuildFile; fileRef = 2573637C1DAF7C9200DF3E3F /* MainVCSettings.json */; };
		25A71D211DB1DDEC0060DF1E /* DLUIPresentationController.swift in Sources */ = {isa = PBXBuildFile; fileRef = 25A71D201DB1DDEC0060DF1E /* DLUIPresentationController.swift */; };
		25C90B471DB7BCC8001A15DD /* Status.swift in Sources */ = {isa = PBXBuildFile; fileRef = 25C90B461DB7BCC8001A15DD /* Status.swift */; };
		25F83E511DB06E78000B258C /* UIButton-Extension.swift in Sources */ = {isa = PBXBuildFile; fileRef = 25F83E501DB06E78000B258C /* UIButton-Extension.swift */; };
		25F83E541DB08625000B258C /* BaseViewController.swift in Sources */ = {isa = PBXBuildFile; fileRef = 25F83E531DB08625000B258C /* BaseViewController.swift */; };
		FACBD5C909E2F5896214761D /* Pods_weibo.framework in Frameworks */ = {isa = PBXBuildFile; fileRef = BE1970F810560E4B324F8CDD /* Pods_weibo.framework */; };
/* End PBXBuildFile section */

/* Begin PBXFileReference section */
		250CAC451DB38997001B2A3C /* OAuthViewController.swift */ = {isa = PBXFileReference; fileEncoding = 4; lastKnownFileType = sourcecode.swift; path = OAuthViewController.swift; sourceTree = "<group>"; };
		250CAC461DB38997001B2A3C /* OAuthViewController.xib */ = {isa = PBXFileReference; fileEncoding = 4; lastKnownFileType = file.xib; path = OAuthViewController.xib; sourceTree = "<group>"; };
		250CAC491DB3A4CD001B2A3C /* Common.swift */ = {isa = PBXFileReference; fileEncoding = 4; lastKnownFileType = sourcecode.swift; path = Common.swift; sourceTree = "<group>"; };
		250CAC4B1DB3B4EC001B2A3C /* NetworkTools.swift */ = {isa = PBXFileReference; fileEncoding = 4; lastKnownFileType = sourcecode.swift; path = NetworkTools.swift; sourceTree = "<group>"; };
		250CAC4D1DB3CF6A001B2A3C /* UserAccount.swift */ = {isa = PBXFileReference; fileEncoding = 4; lastKnownFileType = sourcecode.swift; path = UserAccount.swift; sourceTree = "<group>"; };
		25205A3F1DAFB53B00440741 /* Base */ = {isa = PBXFileReference; lastKnownFileType = file.storyboard; name = Base; path = Base.lproj/Home.storyboard; sourceTree = "<group>"; };
		25205A411DAFB55600440741 /* Message.storyboard */ = {isa = PBXFileReference; fileEncoding = 4; lastKnownFileType = file.storyboard; name = Message.storyboard; path = ../../Message.storyboard; sourceTree = "<group>"; };
		25205A441DAFB57E00440741 /* Base */ = {isa = PBXFileReference; lastKnownFileType = file.storyboard; name = Base; path = Base.lproj/Discover.storyboard; sourceTree = "<group>"; };
		25205A461DAFB5A200440741 /* Profile.storyboard */ = {isa = PBXFileReference; fileEncoding = 4; lastKnownFileType = file.storyboard; name = Profile.storyboard; path = ../../Profile.storyboard; sourceTree = "<group>"; };
		25205A4B1DAFCE6500440741 /* Null.storyboard */ = {isa = PBXFileReference; fileEncoding = 4; lastKnownFileType = file.storyboard; name = Null.storyboard; path = ../../../Documents/iosWork/weibo/weibo/Null.storyboard; sourceTree = "<group>"; };
		25320C9E1DB12015009E5C93 /* UIBarButtonItem-Extension.swift */ = {isa = PBXFileReference; fileEncoding = 4; lastKnownFileType = sourcecode.swift; path = "UIBarButtonItem-Extension.swift"; sourceTree = "<group>"; };
		25320CA01DB1242F009E5C93 /* TitleButton.swift */ = {isa = PBXFileReference; fileEncoding = 4; lastKnownFileType = sourcecode.swift; path = TitleButton.swift; sourceTree = "<group>"; };
		25320CA31DB12CE7009E5C93 /* PopoverViewController.swift */ = {isa = PBXFileReference; fileEncoding = 4; lastKnownFileType = sourcecode.swift; path = PopoverViewController.swift; sourceTree = "<group>"; };
		25320CA41DB12CE7009E5C93 /* PopoverViewController.xib */ = {isa = PBXFileReference; fileEncoding = 4; lastKnownFileType = file.xib; path = PopoverViewController.xib; sourceTree = "<group>"; };
		253328921DB218FF0038852E /* PopoverAnimator.swift */ = {isa = PBXFileReference; fileEncoding = 4; lastKnownFileType = sourcecode.swift; path = PopoverAnimator.swift; sourceTree = "<group>"; };
		254FB4CA1DB0AAF0000AA0A3 /* VisitorView.swift */ = {isa = PBXFileReference; fileEncoding = 4; lastKnownFileType = sourcecode.swift; path = VisitorView.swift; sourceTree = "<group>"; };
		254FB4CC1DB0AAFF000AA0A3 /* VisitorView.xib */ = {isa = PBXFileReference; fileEncoding = 4; lastKnownFileType = file.xib; path = VisitorView.xib; sourceTree = "<group>"; };
		255011591DB5115E00ECF8DB /* UserAccountViewModel.swift */ = {isa = PBXFileReference; fileEncoding = 4; lastKnownFileType = sourcecode.swift; path = UserAccountViewModel.swift; sourceTree = "<group>"; };
		25548C891DB604A3003FCD4D /* WelcomeViewController.swift */ = {isa = PBXFileReference; fileEncoding = 4; lastKnownFileType = sourcecode.swift; path = WelcomeViewController.swift; sourceTree = "<group>"; };
		25548C8A1DB604A3003FCD4D /* WelcomeViewController.xib */ = {isa = PBXFileReference; fileEncoding = 4; lastKnownFileType = file.xib; path = WelcomeViewController.xib; sourceTree = "<group>"; };
		257363561DAF3A8100DF3E3F /* weibo.app */ = {isa = PBXFileReference; explicitFileType = wrapper.application; includeInIndex = 0; path = weibo.app; sourceTree = BUILT_PRODUCTS_DIR; };
		257363591DAF3A8100DF3E3F /* AppDelegate.swift */ = {isa = PBXFileReference; lastKnownFileType = sourcecode.swift; path = AppDelegate.swift; sourceTree = "<group>"; };
		2573635E1DAF3A8100DF3E3F /* Base */ = {isa = PBXFileReference; lastKnownFileType = file.storyboard; name = Base; path = Base.lproj/Main.storyboard; sourceTree = "<group>"; };
		257363601DAF3A8100DF3E3F /* Assets.xcassets */ = {isa = PBXFileReference; lastKnownFileType = folder.assetcatalog; path = Assets.xcassets; sourceTree = "<group>"; };
		257363631DAF3A8100DF3E3F /* Base */ = {isa = PBXFileReference; lastKnownFileType = file.storyboard; name = Base; path = Base.lproj/LaunchScreen.storyboard; sourceTree = "<group>"; };
		257363651DAF3A8100DF3E3F /* Info.plist */ = {isa = PBXFileReference; lastKnownFileType = text.plist.xml; path = Info.plist; sourceTree = "<group>"; };
		257363711DAF53ED00DF3E3F /* MainViewController.swift */ = {isa = PBXFileReference; fileEncoding = 4; lastKnownFileType = sourcecode.swift; path = MainViewController.swift; sourceTree = "<group>"; };
		257363731DAF57D600DF3E3F /* HomeViewController.swift */ = {isa = PBXFileReference; fileEncoding = 4; lastKnownFileType = sourcecode.swift; path = HomeViewController.swift; sourceTree = "<group>"; };
		257363751DAF57E800DF3E3F /* MessageViewController.swift */ = {isa = PBXFileReference; fileEncoding = 4; lastKnownFileType = sourcecode.swift; path = MessageViewController.swift; sourceTree = "<group>"; };
		257363771DAF580100DF3E3F /* DiscoverViewController.swift */ = {isa = PBXFileReference; fileEncoding = 4; lastKnownFileType = sourcecode.swift; path = DiscoverViewController.swift; sourceTree = "<group>"; };
		257363791DAF580E00DF3E3F /* ProfileViewController.swift */ = {isa = PBXFileReference; fileEncoding = 4; lastKnownFileType = sourcecode.swift; path = ProfileViewController.swift; sourceTree = "<group>"; };
		2573637C1DAF7C9200DF3E3F /* MainVCSettings.json */ = {isa = PBXFileReference; fileEncoding = 4; lastKnownFileType = text.json; path = MainVCSettings.json; sourceTree = "<group>"; };
		25A71D201DB1DDEC0060DF1E /* DLUIPresentationController.swift */ = {isa = PBXFileReference; fileEncoding = 4; lastKnownFileType = sourcecode.swift; path = DLUIPresentationController.swift; sourceTree = "<group>"; };
		25C90B461DB7BCC8001A15DD /* Status.swift */ = {isa = PBXFileReference; fileEncoding = 4; lastKnownFileType = sourcecode.swift; path = Status.swift; sourceTree = "<group>"; };
		25F83E501DB06E78000B258C /* UIButton-Extension.swift */ = {isa = PBXFileReference; fileEncoding = 4; lastKnownFileType = sourcecode.swift; path = "UIButton-Extension.swift"; sourceTree = "<group>"; };
		25F83E531DB08625000B258C /* BaseViewController.swift */ = {isa = PBXFileReference; fileEncoding = 4; lastKnownFileType = sourcecode.swift; path = BaseViewController.swift; sourceTree = "<group>"; };
		BE1970F810560E4B324F8CDD /* Pods_weibo.framework */ = {isa = PBXFileReference; explicitFileType = wrapper.framework; includeInIndex = 0; path = Pods_weibo.framework; sourceTree = BUILT_PRODUCTS_DIR; };
		C41398B2397DD02342807D9D /* Pods-weibo.release.xcconfig */ = {isa = PBXFileReference; includeInIndex = 1; lastKnownFileType = text.xcconfig; name = "Pods-weibo.release.xcconfig"; path = "Pods/Target Support Files/Pods-weibo/Pods-weibo.release.xcconfig"; sourceTree = "<group>"; };
		CC2EA46AD047335721787E2A /* Pods-weibo.debug.xcconfig */ = {isa = PBXFileReference; includeInIndex = 1; lastKnownFileType = text.xcconfig; name = "Pods-weibo.debug.xcconfig"; path = "Pods/Target Support Files/Pods-weibo/Pods-weibo.debug.xcconfig"; sourceTree = "<group>"; };
/* End PBXFileReference section */

/* Begin PBXFrameworksBuildPhase section */
		257363531DAF3A8100DF3E3F /* Frameworks */ = {
			isa = PBXFrameworksBuildPhase;
			buildActionMask = 2147483647;
			files = (
				FACBD5C909E2F5896214761D /* Pods_weibo.framework in Frameworks */,
			);
			runOnlyForDeploymentPostprocessing = 0;
		};
/* End PBXFrameworksBuildPhase section */

/* Begin PBXGroup section */
		250CAC441DB38970001B2A3C /* OAuth */ = {
			isa = PBXGroup;
			children = (
				250CAC461DB38997001B2A3C /* OAuthViewController.xib */,
				250CAC451DB38997001B2A3C /* OAuthViewController.swift */,
				250CAC4D1DB3CF6A001B2A3C /* UserAccount.swift */,
				255011591DB5115E00ECF8DB /* UserAccountViewModel.swift */,
			);
			path = OAuth;
			sourceTree = "<group>";
		};
		25320CA21DB12CC9009E5C93 /* UIPopover */ = {
			isa = PBXGroup;
			children = (
				25320CA31DB12CE7009E5C93 /* PopoverViewController.swift */,
				25320CA41DB12CE7009E5C93 /* PopoverViewController.xib */,
				25A71D201DB1DDEC0060DF1E /* DLUIPresentationController.swift */,
				253328921DB218FF0038852E /* PopoverAnimator.swift */,
			);
			path = UIPopover;
			sourceTree = "<group>";
		};
		25548C881DB60481003FCD4D /* Welcome */ = {
			isa = PBXGroup;
			children = (
				25548C891DB604A3003FCD4D /* WelcomeViewController.swift */,
				25548C8A1DB604A3003FCD4D /* WelcomeViewController.xib */,
			);
			path = Welcome;
			sourceTree = "<group>";
		};
		2573634D1DAF3A8100DF3E3F = {
			isa = PBXGroup;
			children = (
				257363581DAF3A8100DF3E3F /* weibo */,
				257363571DAF3A8100DF3E3F /* Products */,
				C3375F1C06038A36F02BF951 /* Pods */,
				7D555FA4369A75E7F8506FAC /* Frameworks */,
			);
			sourceTree = "<group>";
		};
		257363571DAF3A8100DF3E3F /* Products */ = {
			isa = PBXGroup;
			children = (
				257363561DAF3A8100DF3E3F /* weibo.app */,
			);
			name = Products;
			sourceTree = "<group>";
		};
		257363581DAF3A8100DF3E3F /* weibo */ = {
			isa = PBXGroup;
			children = (
				2573636B1DAF51CB00DF3E3F /* Classes */,
				257363591DAF3A8100DF3E3F /* AppDelegate.swift */,
				2573635D1DAF3A8100DF3E3F /* Main.storyboard */,
				257363601DAF3A8100DF3E3F /* Assets.xcassets */,
				257363621DAF3A8100DF3E3F /* LaunchScreen.storyboard */,
				257363651DAF3A8100DF3E3F /* Info.plist */,
			);
			path = weibo;
			sourceTree = "<group>";
		};
		2573636B1DAF51CB00DF3E3F /* Classes */ = {
			isa = PBXGroup;
			children = (
				2573636E1DAF51CB00DF3E3F /* Main */,
				2573636D1DAF51CB00DF3E3F /* Home */,
				2573636F1DAF51CB00DF3E3F /* Message */,
				2573636C1DAF51CB00DF3E3F /* Discover */,
				257363701DAF51CB00DF3E3F /* Profile */,
				25F83E4E1DB06E3E000B258C /* Tools */,
			);
			path = Classes;
			sourceTree = "<group>";
		};
		2573636C1DAF51CB00DF3E3F /* Discover */ = {
			isa = PBXGroup;
			children = (
				25205A431DAFB57E00440741 /* Discover.storyboard */,
				257363771DAF580100DF3E3F /* DiscoverViewController.swift */,
			);
			path = Discover;
			sourceTree = "<group>";
		};
		2573636D1DAF51CB00DF3E3F /* Home */ = {
			isa = PBXGroup;
			children = (
				25C90B451DB7BC39001A15DD /* HomeModel */,
				25320CA21DB12CC9009E5C93 /* UIPopover */,
				25205A3E1DAFB53B00440741 /* Home.storyboard */,
				257363731DAF57D600DF3E3F /* HomeViewController.swift */,
			);
			path = Home;
			sourceTree = "<group>";
		};
		2573636E1DAF51CB00DF3E3F /* Main */ = {
			isa = PBXGroup;
			children = (
				25548C881DB60481003FCD4D /* Welcome */,
				250CAC441DB38970001B2A3C /* OAuth */,
				25F83E521DB08613000B258C /* Visitor */,
				2573637B1DAF7C9200DF3E3F /* Resource */,
				257363711DAF53ED00DF3E3F /* MainViewController.swift */,
			);
			path = Main;
			sourceTree = "<group>";
		};
		2573636F1DAF51CB00DF3E3F /* Message */ = {
			isa = PBXGroup;
			children = (
				25205A411DAFB55600440741 /* Message.storyboard */,
				257363751DAF57E800DF3E3F /* MessageViewController.swift */,
			);
			path = Message;
			sourceTree = "<group>";
		};
		257363701DAF51CB00DF3E3F /* Profile */ = {
			isa = PBXGroup;
			children = (
				25205A461DAFB5A200440741 /* Profile.storyboard */,
				257363791DAF580E00DF3E3F /* ProfileViewController.swift */,
			);
			path = Profile;
			sourceTree = "<group>";
		};
		2573637B1DAF7C9200DF3E3F /* Resource */ = {
			isa = PBXGroup;
			children = (
				25205A4B1DAFCE6500440741 /* Null.storyboard */,
				2573637C1DAF7C9200DF3E3F /* MainVCSettings.json */,
			);
			name = Resource;
			path = "../../../../../../Downloads/资料 2/Resource";
			sourceTree = "<group>";
		};
		25C90B451DB7BC39001A15DD /* HomeModel */ = {
			isa = PBXGroup;
			children = (
				25C90B461DB7BCC8001A15DD /* Status.swift */,
			);
			path = HomeModel;
			sourceTree = "<group>";
		};
		25F83E4E1DB06E3E000B258C /* Tools */ = {
			isa = PBXGroup;
			children = (
				25F83E4F1DB06E3E000B258C /* Category */,
				25320CA01DB1242F009E5C93 /* TitleButton.swift */,
				250CAC491DB3A4CD001B2A3C /* Common.swift */,
				250CAC4B1DB3B4EC001B2A3C /* NetworkTools.swift */,
			);
			path = Tools;
			sourceTree = "<group>";
		};
		25F83E4F1DB06E3E000B258C /* Category */ = {
			isa = PBXGroup;
			children = (
				25F83E501DB06E78000B258C /* UIButton-Extension.swift */,
				25320C9E1DB12015009E5C93 /* UIBarButtonItem-Extension.swift */,
			);
			path = Category;
			sourceTree = "<group>";
		};
		25F83E521DB08613000B258C /* Visitor */ = {
			isa = PBXGroup;
			children = (
				25F83E531DB08625000B258C /* BaseViewController.swift */,
				254FB4CA1DB0AAF0000AA0A3 /* VisitorView.swift */,
				254FB4CC1DB0AAFF000AA0A3 /* VisitorView.xib */,
			);
			name = Visitor;
			path = "../../../../../../Downloads/资料 2/Visitor";
			sourceTree = "<group>";
		};
		7D555FA4369A75E7F8506FAC /* Frameworks */ = {
			isa = PBXGroup;
			children = (
				BE1970F810560E4B324F8CDD /* Pods_weibo.framework */,
			);
			name = Frameworks;
			sourceTree = "<group>";
		};
		C3375F1C06038A36F02BF951 /* Pods */ = {
			isa = PBXGroup;
			children = (
				CC2EA46AD047335721787E2A /* Pods-weibo.debug.xcconfig */,
				C41398B2397DD02342807D9D /* Pods-weibo.release.xcconfig */,
			);
			name = Pods;
			sourceTree = "<group>";
		};
/* End PBXGroup section */

/* Begin PBXNativeTarget section */
		257363551DAF3A8100DF3E3F /* weibo */ = {
			isa = PBXNativeTarget;
			buildConfigurationList = 257363681DAF3A8100DF3E3F /* Build configuration list for PBXNativeTarget "weibo" */;
			buildPhases = (
				0AAF133D77D2A50E3783AE9B /* [CP] Check Pods Manifest.lock */,
				257363521DAF3A8100DF3E3F /* Sources */,
				257363531DAF3A8100DF3E3F /* Frameworks */,
				257363541DAF3A8100DF3E3F /* Resources */,
				A90108216CE45615F7566F94 /* [CP] Embed Pods Frameworks */,
				E7581335BA0329ED02AA7BEE /* [CP] Copy Pods Resources */,
			);
			buildRules = (
			);
			dependencies = (
			);
			name = weibo;
			productName = weibo;
			productReference = 257363561DAF3A8100DF3E3F /* weibo.app */;
			productType = "com.apple.product-type.application";
		};
/* End PBXNativeTarget section */

/* Begin PBXProject section */
		2573634E1DAF3A8100DF3E3F /* Project object */ = {
			isa = PBXProject;
			attributes = {
				LastSwiftUpdateCheck = 0800;
				LastUpgradeCheck = 0800;
				ORGANIZATIONNAME = dalu;
				TargetAttributes = {
					257363551DAF3A8100DF3E3F = {
						CreatedOnToolsVersion = 8.0;
						LastSwiftMigration = 0800;
						ProvisioningStyle = Automatic;
					};
				};
			};
			buildConfigurationList = 257363511DAF3A8100DF3E3F /* Build configuration list for PBXProject "weibo" */;
			compatibilityVersion = "Xcode 3.2";
			developmentRegion = English;
			hasScannedForEncodings = 0;
			knownRegions = (
				en,
				Base,
			);
			mainGroup = 2573634D1DAF3A8100DF3E3F;
			productRefGroup = 257363571DAF3A8100DF3E3F /* Products */;
			projectDirPath = "";
			projectRoot = "";
			targets = (
				257363551DAF3A8100DF3E3F /* weibo */,
			);
		};
/* End PBXProject section */

/* Begin PBXResourcesBuildPhase section */
		257363541DAF3A8100DF3E3F /* Resources */ = {
			isa = PBXResourcesBuildPhase;
			buildActionMask = 2147483647;
			files = (
				257363641DAF3A8100DF3E3F /* LaunchScreen.storyboard in Resources */,
				254FB4CD1DB0AAFF000AA0A3 /* VisitorView.xib in Resources */,
				25205A401DAFB53B00440741 /* Home.storyboard in Resources */,
				25548C8C1DB604A3003FCD4D /* WelcomeViewController.xib in Resources */,
				25205A471DAFB5A200440741 /* Profile.storyboard in Resources */,
				250CAC481DB38997001B2A3C /* OAuthViewController.xib in Resources */,
				257363611DAF3A8100DF3E3F /* Assets.xcassets in Resources */,
				2573637D1DAF7C9200DF3E3F /* MainVCSettings.json in Resources */,
				25320CA61DB12CE7009E5C93 /* PopoverViewController.xib in Resources */,
				25205A421DAFB55600440741 /* Message.storyboard in Resources */,
				25205A451DAFB57E00440741 /* Discover.storyboard in Resources */,
				25205A4C1DAFCE6500440741 /* Null.storyboard in Resources */,
				2573635F1DAF3A8100DF3E3F /* Main.storyboard in Resources */,
			);
			runOnlyForDeploymentPostprocessing = 0;
		};
/* End PBXResourcesBuildPhase section */

/* Begin PBXShellScriptBuildPhase section */
		0AAF133D77D2A50E3783AE9B /* [CP] Check Pods Manifest.lock */ = {
			isa = PBXShellScriptBuildPhase;
			buildActionMask = 2147483647;
			files = (
			);
			inputPaths = (
			);
			name = "[CP] Check Pods Manifest.lock";
			outputPaths = (
			);
			runOnlyForDeploymentPostprocessing = 0;
			shellPath = /bin/sh;
			shellScript = "diff \"${PODS_ROOT}/../Podfile.lock\" \"${PODS_ROOT}/Manifest.lock\" > /dev/null\nif [[ $? != 0 ]] ; then\n    cat << EOM\nerror: The sandbox is not in sync with the Podfile.lock. Run 'pod install' or update your CocoaPods installation.\nEOM\n    exit 1\nfi\n";
			showEnvVarsInLog = 0;
		};
		A90108216CE45615F7566F94 /* [CP] Embed Pods Frameworks */ = {
			isa = PBXShellScriptBuildPhase;
			buildActionMask = 2147483647;
			files = (
			);
			inputPaths = (
			);
			name = "[CP] Embed Pods Frameworks";
			outputPaths = (
			);
			runOnlyForDeploymentPostprocessing = 0;
			shellPath = /bin/sh;
			shellScript = "\"${SRCROOT}/Pods/Target Support Files/Pods-weibo/Pods-weibo-frameworks.sh\"\n";
			showEnvVarsInLog = 0;
		};
		E7581335BA0329ED02AA7BEE /* [CP] Copy Pods Resources */ = {
			isa = PBXShellScriptBuildPhase;
			buildActionMask = 2147483647;
			files = (
			);
			inputPaths = (
			);
			name = "[CP] Copy Pods Resources";
			outputPaths = (
			);
			runOnlyForDeploymentPostprocessing = 0;
			shellPath = /bin/sh;
			shellScript = "\"${SRCROOT}/Pods/Target Support Files/Pods-weibo/Pods-weibo-resources.sh\"\n";
			showEnvVarsInLog = 0;
		};
/* End PBXShellScriptBuildPhase section */

/* Begin PBXSourcesBuildPhase section */
		257363521DAF3A8100DF3E3F /* Sources */ = {
			isa = PBXSourcesBuildPhase;
			buildActionMask = 2147483647;
			files = (
				250CAC4A1DB3A4CD001B2A3C /* Common.swift in Sources */,
				25548C8B1DB604A3003FCD4D /* WelcomeViewController.swift in Sources */,
				25C90B471DB7BCC8001A15DD /* Status.swift in Sources */,
				250CAC4C1DB3B4EC001B2A3C /* NetworkTools.swift in Sources */,
				250CAC4E1DB3CF6A001B2A3C /* UserAccount.swift in Sources */,
				25A71D211DB1DDEC0060DF1E /* DLUIPresentationController.swift in Sources */,
				25320C9F1DB12015009E5C93 /* UIBarButtonItem-Extension.swift in Sources */,
				2550115A1DB5115E00ECF8DB /* UserAccountViewModel.swift in Sources */,
				2573637A1DAF580E00DF3E3F /* ProfileViewController.swift in Sources */,
				25F83E511DB06E78000B258C /* UIButton-Extension.swift in Sources */,
				250CAC471DB38997001B2A3C /* OAuthViewController.swift in Sources */,
				2573635A1DAF3A8100DF3E3F /* AppDelegate.swift in Sources */,
				25320CA51DB12CE7009E5C93 /* PopoverViewController.swift in Sources */,
				25320CA11DB1242F009E5C93 /* TitleButton.swift in Sources */,
				257363721DAF53ED00DF3E3F /* MainViewController.swift in Sources */,
				253328931DB218FF0038852E /* PopoverAnimator.swift in Sources */,
				257363761DAF57E800DF3E3F /* MessageViewController.swift in Sources */,
				25F83E541DB08625000B258C /* BaseViewController.swift in Sources */,
				254FB4CB1DB0AAF0000AA0A3 /* VisitorView.swift in Sources */,
				257363741DAF57D600DF3E3F /* HomeViewController.swift in Sources */,
				257363781DAF580100DF3E3F /* DiscoverViewController.swift in Sources */,
			);
			runOnlyForDeploymentPostprocessing = 0;
		};
/* End PBXSourcesBuildPhase section */

/* Begin PBXVariantGroup section */
		25205A3E1DAFB53B00440741 /* Home.storyboard */ = {
			isa = PBXVariantGroup;
			children = (
				25205A3F1DAFB53B00440741 /* Base */,
			);
			name = Home.storyboard;
			path = ../..;
			sourceTree = "<group>";
		};
		25205A431DAFB57E00440741 /* Discover.storyboard */ = {
			isa = PBXVariantGroup;
			children = (
				25205A441DAFB57E00440741 /* Base */,
			);
			name = Discover.storyboard;
			path = ../..;
			sourceTree = "<group>";
		};
		2573635D1DAF3A8100DF3E3F /* Main.storyboard */ = {
			isa = PBXVariantGroup;
			children = (
				2573635E1DAF3A8100DF3E3F /* Base */,
			);
			name = Main.storyboard;
			sourceTree = "<group>";
		};
		257363621DAF3A8100DF3E3F /* LaunchScreen.storyboard */ = {
			isa = PBXVariantGroup;
			children = (
				257363631DAF3A8100DF3E3F /* Base */,
			);
			name = LaunchScreen.storyboard;
			sourceTree = "<group>";
		};
/* End PBXVariantGroup section */

/* Begin XCBuildConfiguration section */
		257363661DAF3A8100DF3E3F /* Debug */ = {
			isa = XCBuildConfiguration;
			buildSettings = {
				ALWAYS_SEARCH_USER_PATHS = NO;
				CLANG_ANALYZER_NONNULL = YES;
				CLANG_CXX_LANGUAGE_STANDARD = "gnu++0x";
				CLANG_CXX_LIBRARY = "libc++";
				CLANG_ENABLE_MODULES = YES;
				CLANG_ENABLE_OBJC_ARC = YES;
				CLANG_WARN_BOOL_CONVERSION = YES;
				CLANG_WARN_CONSTANT_CONVERSION = YES;
				CLANG_WARN_DIRECT_OBJC_ISA_USAGE = YES_ERROR;
				CLANG_WARN_DOCUMENTATION_COMMENTS = YES;
				CLANG_WARN_EMPTY_BODY = YES;
				CLANG_WARN_ENUM_CONVERSION = YES;
				CLANG_WARN_INFINITE_RECURSION = YES;
				CLANG_WARN_INT_CONVERSION = YES;
				CLANG_WARN_OBJC_ROOT_CLASS = YES_ERROR;
				CLANG_WARN_SUSPICIOUS_MOVE = YES;
				CLANG_WARN_SUSPICIOUS_MOVES = YES;
				CLANG_WARN_UNREACHABLE_CODE = YES;
				CLANG_WARN__DUPLICATE_METHOD_MATCH = YES;
				"CODE_SIGN_IDENTITY[sdk=iphoneos*]" = "iPhone Developer";
				COPY_PHASE_STRIP = NO;
				DEBUG_INFORMATION_FORMAT = dwarf;
				ENABLE_STRICT_OBJC_MSGSEND = YES;
				ENABLE_TESTABILITY = YES;
				GCC_C_LANGUAGE_STANDARD = gnu99;
				GCC_DYNAMIC_NO_PIC = NO;
				GCC_NO_COMMON_BLOCKS = YES;
				GCC_OPTIMIZATION_LEVEL = 0;
				GCC_PREPROCESSOR_DEFINITIONS = (
					"DEBUG=1",
					"$(inherited)",
				);
				GCC_WARN_64_TO_32_BIT_CONVERSION = YES;
				GCC_WARN_ABOUT_RETURN_TYPE = YES_ERROR;
				GCC_WARN_UNDECLARED_SELECTOR = YES;
				GCC_WARN_UNINITIALIZED_AUTOS = YES_AGGRESSIVE;
				GCC_WARN_UNUSED_FUNCTION = YES;
				GCC_WARN_UNUSED_VARIABLE = YES;
				IPHONEOS_DEPLOYMENT_TARGET = 10.0;
				MTL_ENABLE_DEBUG_INFO = YES;
				ONLY_ACTIVE_ARCH = YES;
				SDKROOT = iphoneos;
				SWIFT_ACTIVE_COMPILATION_CONDITIONS = DEBUG;
				SWIFT_OPTIMIZATION_LEVEL = "-Onone";
			};
			name = Debug;
		};
		257363671DAF3A8100DF3E3F /* Release */ = {
			isa = XCBuildConfiguration;
			buildSettings = {
				ALWAYS_SEARCH_USER_PATHS = NO;
				CLANG_ANALYZER_NONNULL = YES;
				CLANG_CXX_LANGUAGE_STANDARD = "gnu++0x";
				CLANG_CXX_LIBRARY = "libc++";
				CLANG_ENABLE_MODULES = YES;
				CLANG_ENABLE_OBJC_ARC = YES;
				CLANG_WARN_BOOL_CONVERSION = YES;
				CLANG_WARN_CONSTANT_CONVERSION = YES;
				CLANG_WARN_DIRECT_OBJC_ISA_USAGE = YES_ERROR;
				CLANG_WARN_DOCUMENTATION_COMMENTS = YES;
				CLANG_WARN_EMPTY_BODY = YES;
				CLANG_WARN_ENUM_CONVERSION = YES;
				CLANG_WARN_INFINITE_RECURSION = YES;
				CLANG_WARN_INT_CONVERSION = YES;
				CLANG_WARN_OBJC_ROOT_CLASS = YES_ERROR;
				CLANG_WARN_SUSPICIOUS_MOVE = YES;
				CLANG_WARN_SUSPICIOUS_MOVES = YES;
				CLANG_WARN_UNREACHABLE_CODE = YES;
				CLANG_WARN__DUPLICATE_METHOD_MATCH = YES;
				"CODE_SIGN_IDENTITY[sdk=iphoneos*]" = "iPhone Developer";
				COPY_PHASE_STRIP = NO;
				DEBUG_INFORMATION_FORMAT = "dwarf-with-dsym";
				ENABLE_NS_ASSERTIONS = NO;
				ENABLE_STRICT_OBJC_MSGSEND = YES;
				GCC_C_LANGUAGE_STANDARD = gnu99;
				GCC_NO_COMMON_BLOCKS = YES;
				GCC_WARN_64_TO_32_BIT_CONVERSION = YES;
				GCC_WARN_ABOUT_RETURN_TYPE = YES_ERROR;
				GCC_WARN_UNDECLARED_SELECTOR = YES;
				GCC_WARN_UNINITIALIZED_AUTOS = YES_AGGRESSIVE;
				GCC_WARN_UNUSED_FUNCTION = YES;
				GCC_WARN_UNUSED_VARIABLE = YES;
				IPHONEOS_DEPLOYMENT_TARGET = 10.0;
				MTL_ENABLE_DEBUG_INFO = NO;
				SDKROOT = iphoneos;
				SWIFT_OPTIMIZATION_LEVEL = "-Owholemodule";
				VALIDATE_PRODUCT = YES;
			};
			name = Release;
		};
		257363691DAF3A8100DF3E3F /* Debug */ = {
			isa = XCBuildConfiguration;
			baseConfigurationReference = CC2EA46AD047335721787E2A /* Pods-weibo.debug.xcconfig */;
			buildSettings = {
				ALWAYS_EMBED_SWIFT_STANDARD_LIBRARIES = YES;
				ASSETCATALOG_COMPILER_APPICON_NAME = AppIcon;
				ASSETCATALOG_COMPILER_LAUNCHIMAGE_NAME = LaunchImage;
				INFOPLIST_FILE = weibo/Info.plist;
				IPHONEOS_DEPLOYMENT_TARGET = 9.0;
				LD_RUNPATH_SEARCH_PATHS = "$(inherited) @executable_path/Frameworks";
				PRODUCT_BUNDLE_IDENTIFIER = com.dalu.weibo;
				PRODUCT_NAME = "$(TARGET_NAME)";
				SWIFT_VERSION = 3.0;
				TARGETED_DEVICE_FAMILY = 1;
			};
			name = Debug;
		};
		2573636A1DAF3A8100DF3E3F /* Release */ = {
			isa = XCBuildConfiguration;
			baseConfigurationReference = C41398B2397DD02342807D9D /* Pods-weibo.release.xcconfig */;
			buildSettings = {
				ALWAYS_EMBED_SWIFT_STANDARD_LIBRARIES = YES;
				ASSETCATALOG_COMPILER_APPICON_NAME = AppIcon;
				ASSETCATALOG_COMPILER_LAUNCHIMAGE_NAME = LaunchImage;
				INFOPLIST_FILE = weibo/Info.plist;
				IPHONEOS_DEPLOYMENT_TARGET = 9.0;
				LD_RUNPATH_SEARCH_PATHS = "$(inherited) @executable_path/Frameworks";
				PRODUCT_BUNDLE_IDENTIFIER = com.dalu.weibo;
				PRODUCT_NAME = "$(TARGET_NAME)";
				SWIFT_VERSION = 3.0;
				TARGETED_DEVICE_FAMILY = 1;
			};
			name = Release;
		};
/* End XCBuildConfiguration section */

/* Begin XCConfigurationList section */
		257363511DAF3A8100DF3E3F /* Build configuration list for PBXProject "weibo" */ = {
			isa = XCConfigurationList;
			buildConfigurations = (
				257363661DAF3A8100DF3E3F /* Debug */,
				257363671DAF3A8100DF3E3F /* Release */,
			);
			defaultConfigurationIsVisible = 0;
			defaultConfigurationName = Release;
		};
		257363681DAF3A8100DF3E3F /* Build configuration list for PBXNativeTarget "weibo" */ = {
			isa = XCConfigurationList;
			buildConfigurations = (
				257363691DAF3A8100DF3E3F /* Debug */,
				2573636A1DAF3A8100DF3E3F /* Release */,
			);
			defaultConfigurationIsVisible = 0;
			defaultConfigurationName = Release;
		};
/* End XCConfigurationList section */
	};
	rootObject = 2573634E1DAF3A8100DF3E3F /* Project object */;
}
